<Solution>
  <Folder Name="/src/">
    <Project Path="src/HardenGitHubActions.Core/HardenGitHubActions.Core.csproj" />
    <Project Path="src/HardenGitHubActions.Cli/HardenGitHubActions.Cli.csproj" />
  </Folder>
  <Folder Name="/tests/">
    <Project Path="tests/HardenGitHubActions.Tests/HardenGitHubActions.Tests.csproj" />
  </Folder>
</Solution>
